{
	"name": "mypackage",
	"version": "1.0.0",
	"lockfileVersion": 1,
	"requires": true,
	"dependencies": {
		"bootstrap": {
			"version": "4.2.1",
			"resolved": "https://registry.npmjs.org/bootstrap/-/bootstrap-4.2.1.tgz",
			"integrity": "sha512-tt/7vIv3Gm2mnd/WeDx36nfGGHleil0Wg8IeB7eMrVkY0fZ5iTaBisSh8oNANc2IBsCc6vCgCNTIM/IEN0+50Q==",
			"dev": true
		},
		"jquery": {
			"version": "3.3.1",
			"resolved": "https://registry.npmjs.org/jquery/-/jquery-3.3.1.tgz",
			"integrity": "sha512-Ubldcmxp5np52/ENotGxlLe6aGMvmF4R8S6tZjsP6Knsaxd/xp3Zrh50cG93lR6nPXyUFwzN3ZSOQI0wRJNdGg==",
			"dev": true
		},
		"vee-validate": {
			"version": "2.1.4",
			"resolved": "https://registry.npmjs.org/vee-validate/-/vee-validate-2.1.4.tgz",
			"integrity": "sha512-71yu8floUnMEdkwswaF9WJc5Xubc5dhIG6MRc/H0egQnP34Y14WwNweK9z31Nf2Zi6JB2H/36EKt0Mqco8R/Nw==",
			"dev": true
		},
		"vue": {
			"version": "2.5.21",
			"resolved": "https://registry.npmjs.org/vue/-/vue-2.5.21.tgz",
			"integrity": "sha512-Aejvyyfhn0zjVeLvXd70h4hrE4zZDx1wfZqia6ekkobLmUZ+vNFQer53B4fu0EjWBSiqApxPejzkO1Znt3joxQ==",
			"dev": true
		}
	}
}
