
Microsoft Visual Studio Solution File, Format Version 12.00
# Visual Studio 15
VisualStudioVersion = 15.0.28307.168
MinimumVisualStudioVersion = 10.0.40219.1
Project("{FAE04EC0-301F-11D3-BF4B-00C04F79EFBC}") = "VueToASkill", "VueToASkill.csproj", "{12D73082-083F-416F-8F3A-456A31AE0B18}"
EndProject
Global
	GlobalSection(SolutionConfigurationPlatforms) = preSolution
		Debug|Any CPU = Debug|Any CPU
		Release|Any CPU = Release|Any CPU
	EndGlobalSection
	GlobalSection(ProjectConfigurationPlatforms) = postSolution
		{12D73082-083F-416F-8F3A-456A31AE0B18}.Debug|Any CPU.ActiveCfg = Debug|Any CPU
		{12D73082-083F-416F-8F3A-456A31AE0B18}.Debug|Any CPU.Build.0 = Debug|Any CPU
		{12D73082-083F-416F-8F3A-456A31AE0B18}.Release|Any CPU.ActiveCfg = Release|Any CPU
		{12D73082-083F-416F-8F3A-456A31AE0B18}.Release|Any CPU.Build.0 = Release|Any CPU
	EndGlobalSection
	GlobalSection(SolutionProperties) = preSolution
		HideSolutionNode = FALSE
	EndGlobalSection
	GlobalSection(ExtensibilityGlobals) = postSolution
		SolutionGuid = {65491CC0-4D99-4F0B-B4FD-818A2D032128}
	EndGlobalSection
EndGlobal
